
Microsoft Visual Studio Solution File, Format Version 12.00
# Visual Studio Version 17
VisualStudioVersion = 17.12.35707.178 d17.12
MinimumVisualStudioVersion = 10.0.40219.1
Project("{FAE04EC0-301F-11D3-BF4B-00C04F79EFBC}") = "EducationPlatform.WEB", "EducationPlatform02\EducationPlatform.WEB.csproj", "{E5EEE819-00CD-4C67-96AE-AA9AEF95D4D7}"
EndProject
Project("{FAE04EC0-301F-11D3-BF4B-00C04F79EFBC}") = "EducationPlatform.DAL", "EducationPlatform.DAL\EducationPlatform.DAL.csproj", "{0EC2BA35-9D9B-4970-9883-0B598D66322E}"
EndProject
Project("{FAE04EC0-301F-11D3-BF4B-00C04F79EFBC}") = "EducationPlatform.BLL", "EducationPlatform.BLL\EducationPlatform.BLL.csproj", "{10AAAA5B-2D16-4D63-9017-858B28BF40F4}"
EndProject
Global
	GlobalSection(SolutionConfigurationPlatforms) = preSolution
		Debug|Any CPU = Debug|Any CPU
		Release|Any CPU = Release|Any CPU
	EndGlobalSection
	GlobalSection(ProjectConfigurationPlatforms) = postSolution
		{E5EEE819-00CD-4C67-96AE-AA9AEF95D4D7}.Debug|Any CPU.ActiveCfg = Debug|Any CPU
		{E5EEE819-00CD-4C67-96AE-AA9AEF95D4D7}.Debug|Any CPU.Build.0 = Debug|Any CPU
		{E5EEE819-00CD-4C67-96AE-AA9AEF95D4D7}.Release|Any CPU.ActiveCfg = Release|Any CPU
		{E5EEE819-00CD-4C67-96AE-AA9AEF95D4D7}.Release|Any CPU.Build.0 = Release|Any CPU
		{0EC2BA35-9D9B-4970-9883-0B598D66322E}.Debug|Any CPU.ActiveCfg = Debug|Any CPU
		{0EC2BA35-9D9B-4970-9883-0B598D66322E}.Debug|Any CPU.Build.0 = Debug|Any CPU
		{0EC2BA35-9D9B-4970-9883-0B598D66322E}.Release|Any CPU.ActiveCfg = Release|Any CPU
		{0EC2BA35-9D9B-4970-9883-0B598D66322E}.Release|Any CPU.Build.0 = Release|Any CPU
		{10AAAA5B-2D16-4D63-9017-858B28BF40F4}.Debug|Any CPU.ActiveCfg = Debug|Any CPU
		{10AAAA5B-2D16-4D63-9017-858B28BF40F4}.Debug|Any CPU.Build.0 = Debug|Any CPU
		{10AAAA5B-2D16-4D63-9017-858B28BF40F4}.Release|Any CPU.ActiveCfg = Release|Any CPU
		{10AAAA5B-2D16-4D63-9017-858B28BF40F4}.Release|Any CPU.Build.0 = Release|Any CPU
	EndGlobalSection
	GlobalSection(SolutionProperties) = preSolution
		HideSolutionNode = FALSE
	EndGlobalSection
EndGlobal
